# THIS IS AN AUTOGENERATED FILE. DO NOT EDIT THIS FILE DIRECTLY.
# yarn lockfile v1


"@esbuild/linux-x64@0.18.20":
  version "0.18.20"
  resolved "https://registry.npmjs.org/@esbuild/linux-x64/-/linux-x64-0.18.20.tgz"
  integrity sha512-UYqiqemphJcNsFEskc73jQ7B9jgwjWrSayxawS6UVFZGWrAAtkzjxSqnoclCXxWtfwLdzU+vTpcNYhpn43uP1w==

"@podman-desktop/api@https://gitpkg.now.sh/containers/podman-desktop/packages/extension-api?main":
  version "0.0.1"
  resolved "https://gitpkg.now.sh/containers/podman-desktop/packages/extension-api?main"
  integrity sha512-xbIh7oZa2OXw+MurTx8PI/9zZDE5ZHjByCq4J368HqtwLHnr2g1E/D14ZoG/npMazxBVlA9B23FJOqIRZRw3HA==

"@types/node@^20.9.4", "@types/node@>= 14":
  version "20.9.4"
  resolved "https://registry.npmjs.org/@types/node/-/node-20.9.4.tgz"
  integrity sha512-wmyg8HUhcn6ACjsn8oKYjkN/zUzQeNtMy44weTJSM6p4MMzEOuKbA3OjJ267uPCOW7Xex9dyrNTful8XTQYoDA==
  dependencies:
    undici-types "~5.26.4"

async@^1.4.2:
  version "1.5.2"
  resolved "https://registry.npmjs.org/async/-/async-1.5.2.tgz"
  integrity sha512-nSVgobk4rv61R9PUSDtYt7mPVB2olxNR5RWJcAsH676/ef11bUZwvu7+RGYrYauVdDPcO519v68wRhXQtxsV9w==

esbuild@^0.18.10:
  version "0.18.20"
  resolved "https://registry.npmjs.org/esbuild/-/esbuild-0.18.20.tgz"
  integrity sha512-ceqxoedUrcayh7Y7ZX6NdbbDzGROiyVBgC4PriJThBKSVPWnnFHZAkfI1lJT8QFkOwH4qOS2SJkS4wvpGl8BpA==
  optionalDependencies:
    "@esbuild/android-arm" "0.18.20"
    "@esbuild/android-arm64" "0.18.20"
    "@esbuild/android-x64" "0.18.20"
    "@esbuild/darwin-arm64" "0.18.20"
    "@esbuild/darwin-x64" "0.18.20"
    "@esbuild/freebsd-arm64" "0.18.20"
    "@esbuild/freebsd-x64" "0.18.20"
    "@esbuild/linux-arm" "0.18.20"
    "@esbuild/linux-arm64" "0.18.20"
    "@esbuild/linux-ia32" "0.18.20"
    "@esbuild/linux-loong64" "0.18.20"
    "@esbuild/linux-mips64el" "0.18.20"
    "@esbuild/linux-ppc64" "0.18.20"
    "@esbuild/linux-riscv64" "0.18.20"
    "@esbuild/linux-s390x" "0.18.20"
    "@esbuild/linux-x64" "0.18.20"
    "@esbuild/netbsd-x64" "0.18.20"
    "@esbuild/openbsd-x64" "0.18.20"
    "@esbuild/sunos-x64" "0.18.20"
    "@esbuild/win32-arm64" "0.18.20"
    "@esbuild/win32-ia32" "0.18.20"
    "@esbuild/win32-x64" "0.18.20"

graceful-fs@^4.1.3:
  version "4.2.11"
  resolved "https://registry.npmjs.org/graceful-fs/-/graceful-fs-4.2.11.tgz"
  integrity sha512-RbJ5/jmFcNNCcDV5o9eTnBLJ/HszWV0P73bc+Ff4nS/rJj+YaS6IGyiOL0VoBYX+l1Wrl3k63h/KrH+nhJ0XvQ==

jszip@^2.6.1:
  version "2.7.0"
  resolved "https://registry.npmjs.org/jszip/-/jszip-2.7.0.tgz"
  integrity sha512-JIsRKRVC3gTRo2vM4Wy9WBC3TRcfnIZU8k65Phi3izkvPH975FowRYtKGT6PxevA0XnJ/yO8b0QwV0ydVyQwfw==
  dependencies:
    pako "~1.0.2"

mkdirp@^3.0.1:
  version "3.0.1"
  resolved "https://registry.npmjs.org/mkdirp/-/mkdirp-3.0.1.tgz"
  integrity sha512-+NsyUUAZDmo6YVHzL/stxSu3t9YS1iljliy3BSDrXJ/dkn1KYdmtZODGGjLcc9XLgVVpH4KshHB8XmZgMhaBXg==

nanoid@^3.3.6:
  version "3.3.7"
  resolved "https://registry.npmjs.org/nanoid/-/nanoid-3.3.7.tgz"
  integrity sha512-eSRppjcPIatRIMC1U6UngP8XFcz8MQWGQdt1MTBQ7NaAmvXDfvNxbvWV3x2y6CdEUciCSsDHDQZbhYaB8QEo2g==

pako@~1.0.2:
  version "1.0.11"
  resolved "https://registry.npmjs.org/pako/-/pako-1.0.11.tgz"
  integrity sha512-4hLB8Py4zZce5s4yd9XzopqwVv/yGNhV1Bl8NTmCq1763HeK2+EwVTv+leGeL13Dnh2wfbqowVPXCIO0z4taYw==

picocolors@^1.0.0:
  version "1.0.0"
  resolved "https://registry.npmjs.org/picocolors/-/picocolors-1.0.0.tgz"
  integrity sha512-1fygroTLlHu66zi26VoTDv8yRgm0Fccecssto+MhsZ0D/DGW2sm8E8AjW7NU5VVTRt5GxbeZ5qBuJr+HyLYkjQ==

postcss@^8.4.27:
  version "8.4.31"
  resolved "https://registry.npmjs.org/postcss/-/postcss-8.4.31.tgz"
  integrity sha512-PS08Iboia9mts/2ygV3eLpY5ghnUcfLV/EXTOW1E2qYxJKGGBUtNjN76FYHnMs36RmARn41bC0AZmn+rR0OVpQ==
  dependencies:
    nanoid "^3.3.6"
    picocolors "^1.0.0"
    source-map-js "^1.0.2"

q@^1.4.1:
  version "1.5.1"
  resolved "https://registry.npmjs.org/q/-/q-1.5.1.tgz"
  integrity sha512-kV/CThkXo6xyFEZUugw/+pIOywXcDbFYgSct5cT3gqlbkBE1SJdwy6UQoZvodiWF/ckQLZyDE/Bu1M6gVu5lVw==

rollup@^3.27.1:
  version "3.29.4"
  resolved "https://registry.npmjs.org/rollup/-/rollup-3.29.4.tgz"
  integrity sha512-oWzmBZwvYrU0iJHtDmhsm662rC15FRXmcjCk1xD771dFDx5jJ02ufAQQTn0etB2emNk4J9EZg/yWKpsn9BWGRw==
  optionalDependencies:
    fsevents "~2.3.2"

source-map-js@^1.0.2:
  version "1.0.2"
  resolved "https://registry.npmjs.org/source-map-js/-/source-map-js-1.0.2.tgz"
  integrity sha512-R0XvVJ9WusLiqTCEiGCmICCMplcCkIwwR11mOSD9CR5u+IXYdiseeEuXCVAjS54zqwkLcPNnmU4OeJ6tUrWhDw==

typescript@5.0.4:
  version "5.0.4"
  resolved "https://registry.npmjs.org/typescript/-/typescript-5.0.4.tgz"
  integrity sha512-cW9T5W9xY37cc+jfEnaUvX91foxtHkza3Nw3wkoF4sSlKn0MONdkdEndig/qPBWXNkmplh3NzayQzCiHM4/hqw==

undici-types@~5.26.4:
  version "5.26.5"
  resolved "https://registry.npmjs.org/undici-types/-/undici-types-5.26.5.tgz"
  integrity sha512-JlCMO+ehdEIKqlFxk6IfVoAUVmgz7cU7zD/h9XZ0qzeosSHmUJVOzSQvvYSYWXkFXC+IfLKSIffhv0sVZup6pA==

vite@^4.3.8:
  version "4.5.0"
  resolved "https://registry.npmjs.org/vite/-/vite-4.5.0.tgz"
  integrity sha512-ulr8rNLA6rkyFAlVWw2q5YJ91v098AFQ2R0PRFwPzREXOUJQPtFUG0t+/ZikhaOCDqFoDhN6/v8Sq0o4araFAw==
  dependencies:
    esbuild "^0.18.10"
    postcss "^8.4.27"
    rollup "^3.27.1"
  optionalDependencies:
    fsevents "~2.3.2"

zip-local@^0.3.5:
  version "0.3.5"
  resolved "https://registry.npmjs.org/zip-local/-/zip-local-0.3.5.tgz"
  integrity sha512-GRV3D5TJY+/PqyeRm5CYBs7xVrKTKzljBoEXvocZu0HJ7tPEcgpSOYa2zFIsCZWgKWMuc4U3yMFgFkERGFIB9w==
  dependencies:
    async "^1.4.2"
    graceful-fs "^4.1.3"
    jszip "^2.6.1"
    q "^1.4.1"
